// !$*UTF8*$!
{
	archiveVersion = 1;
	classes = {
	};
	objectVersion = 46;
	objects = {

/* Begin PBXBuildFile section */
		7B1593D416F7212300140560 /* decoder.c in Sources */ = {isa = PBXBuildFile; fileRef = 7B1593C316F7212200140560 /* decoder.c */; };
		7B1593D516F7212300140560 /* distorm.c in Sources */ = {isa = PBXBuildFile; fileRef = 7B1593C516F7212300140560 /* distorm.c */; };
		7B1593D616F7212300140560 /* instructions.c in Sources */ = {isa = PBXBuildFile; fileRef = 7B1593C616F7212300140560 /* instructions.c */; };
		7B1593D716F7212300140560 /* insts.c in Sources */ = {isa = PBXBuildFile; fileRef = 7B1593C816F7212300140560 /* insts.c */; };
		7B1593D816F7212300140560 /* mnemonics.c in Sources */ = {isa = PBXBuildFile; fileRef = 7B1593CA16F7212300140560 /* mnemonics.c */; };
		7B1593D916F7212300140560 /* operands.c in Sources */ = {isa = PBXBuildFile; fileRef = 7B1593CB16F7212300140560 /* operands.c */; };
		7B1593DA16F7212300140560 /* prefix.c in Sources */ = {isa = PBXBuildFile; fileRef = 7B1593CD16F7212300140560 /* prefix.c */; };
		7B1593DB16F7212300140560 /* textdefs.c in Sources */ = {isa = PBXBuildFile; fileRef = 7B1593CF16F7212300140560 /* textdefs.c */; };
		7B1593DC16F7212300140560 /* wstring.c in Sources */ = {isa = PBXBuildFile; fileRef = 7B1593D116F7212300140560 /* wstring.c */; };
		7B6CDE6A1659CE3B00893578 /* System.framework in Frameworks */ = {isa = PBXBuildFile; fileRef = 7B6CDE691659CE3B00893578 /* System.framework */; };
		7B80CD94165880F100127A39 /* main.c in Sources */ = {isa = PBXBuildFile; fileRef = 7B80CD93165880F100127A39 /* main.c */; };
		7B80CD96165880F100127A39 /* kextstat_aslr.1 in CopyFiles */ = {isa = PBXBuildFile; fileRef = 7B80CD95165880F100127A39 /* kextstat_aslr.1 */; };
/* End PBXBuildFile section */

/* Begin PBXCopyFilesBuildPhase section */
		7B80CD8D165880F100127A39 /* CopyFiles */ = {
			isa = PBXCopyFilesBuildPhase;
			buildActionMask = 2147483647;
			dstPath = /usr/share/man/man1/;
			dstSubfolderSpec = 0;
			files = (
				7B80CD96165880F100127A39 /* kextstat_aslr.1 in CopyFiles */,
			);
			runOnlyForDeploymentPostprocessing = 1;
		};
/* End PBXCopyFilesBuildPhase section */

/* Begin PBXFileReference section */
		7B1593C216F7212200140560 /* config.h */ = {isa = PBXFileReference; fileEncoding = 4; lastKnownFileType = sourcecode.c.h; path = config.h; sourceTree = "<group>"; };
		7B1593C316F7212200140560 /* decoder.c */ = {isa = PBXFileReference; fileEncoding = 4; lastKnownFileType = sourcecode.c.c; path = decoder.c; sourceTree = "<group>"; };
		7B1593C416F7212200140560 /* decoder.h */ = {isa = PBXFileReference; fileEncoding = 4; lastKnownFileType = sourcecode.c.h; path = decoder.h; sourceTree = "<group>"; };
		7B1593C516F7212300140560 /* distorm.c */ = {isa = PBXFileReference; fileEncoding = 4; lastKnownFileType = sourcecode.c.c; path = distorm.c; sourceTree = "<group>"; };
		7B1593C616F7212300140560 /* instructions.c */ = {isa = PBXFileReference; fileEncoding = 4; lastKnownFileType = sourcecode.c.c; path = instructions.c; sourceTree = "<group>"; };
		7B1593C716F7212300140560 /* instructions.h */ = {isa = PBXFileReference; fileEncoding = 4; lastKnownFileType = sourcecode.c.h; path = instructions.h; sourceTree = "<group>"; };
		7B1593C816F7212300140560 /* insts.c */ = {isa = PBXFileReference; fileEncoding = 4; lastKnownFileType = sourcecode.c.c; path = insts.c; sourceTree = "<group>"; };
		7B1593C916F7212300140560 /* insts.h */ = {isa = PBXFileReference; fileEncoding = 4; lastKnownFileType = sourcecode.c.h; path = insts.h; sourceTree = "<group>"; };
		7B1593CA16F7212300140560 /* mnemonics.c */ = {isa = PBXFileReference; fileEncoding = 4; lastKnownFileType = sourcecode.c.c; path = mnemonics.c; sourceTree = "<group>"; };
		7B1593CB16F7212300140560 /* operands.c */ = {isa = PBXFileReference; fileEncoding = 4; lastKnownFileType = sourcecode.c.c; path = operands.c; sourceTree = "<group>"; };
		7B1593CC16F7212300140560 /* operands.h */ = {isa = PBXFileReference; fileEncoding = 4; lastKnownFileType = sourcecode.c.h; path = operands.h; sourceTree = "<group>"; };
		7B1593CD16F7212300140560 /* prefix.c */ = {isa = PBXFileReference; fileEncoding = 4; lastKnownFileType = sourcecode.c.c; path = prefix.c; sourceTree = "<group>"; };
		7B1593CE16F7212300140560 /* prefix.h */ = {isa = PBXFileReference; fileEncoding = 4; lastKnownFileType = sourcecode.c.h; path = prefix.h; sourceTree = "<group>"; };
		7B1593CF16F7212300140560 /* textdefs.c */ = {isa = PBXFileReference; fileEncoding = 4; lastKnownFileType = sourcecode.c.c; path = textdefs.c; sourceTree = "<group>"; };
		7B1593D016F7212300140560 /* textdefs.h */ = {isa = PBXFileReference; fileEncoding = 4; lastKnownFileType = sourcecode.c.h; path = textdefs.h; sourceTree = "<group>"; };
		7B1593D116F7212300140560 /* wstring.c */ = {isa = PBXFileReference; fileEncoding = 4; lastKnownFileType = sourcecode.c.c; path = wstring.c; sourceTree = "<group>"; };
		7B1593D216F7212300140560 /* wstring.h */ = {isa = PBXFileReference; fileEncoding = 4; lastKnownFileType = sourcecode.c.h; path = wstring.h; sourceTree = "<group>"; };
		7B1593D316F7212300140560 /* x86defs.h */ = {isa = PBXFileReference; fileEncoding = 4; lastKnownFileType = sourcecode.c.h; path = x86defs.h; sourceTree = "<group>"; };
		7B1593DD16F7213200140560 /* distorm.h */ = {isa = PBXFileReference; fileEncoding = 4; lastKnownFileType = sourcecode.c.h; path = distorm.h; sourceTree = "<group>"; };
		7B1593DE16F7213200140560 /* mnemonics.h */ = {isa = PBXFileReference; fileEncoding = 4; lastKnownFileType = sourcecode.c.h; path = mnemonics.h; sourceTree = "<group>"; };
		7B6CDE691659CE3B00893578 /* System.framework */ = {isa = PBXFileReference; lastKnownFileType = wrapper.framework; name = System.framework; path = ../../../../System/Library/Frameworks/System.framework; sourceTree = "<group>"; };
		7B80CD8F165880F100127A39 /* kextstat_aslr */ = {isa = PBXFileReference; explicitFileType = "compiled.mach-o.executable"; includeInIndex = 0; path = kextstat_aslr; sourceTree = BUILT_PRODUCTS_DIR; };
		7B80CD93165880F100127A39 /* main.c */ = {isa = PBXFileReference; lastKnownFileType = sourcecode.c.c; path = main.c; sourceTree = "<group>"; };
		7B80CD95165880F100127A39 /* kextstat_aslr.1 */ = {isa = PBXFileReference; lastKnownFileType = text.man; path = kextstat_aslr.1; sourceTree = "<group>"; };
/* End PBXFileReference section */

/* Begin PBXFrameworksBuildPhase section */
		7B80CD8C165880F100127A39 /* Frameworks */ = {
			isa = PBXFrameworksBuildPhase;
			buildActionMask = 2147483647;
			files = (
				7B6CDE6A1659CE3B00893578 /* System.framework in Frameworks */,
			);
			runOnlyForDeploymentPostprocessing = 0;
		};
/* End PBXFrameworksBuildPhase section */

/* Begin PBXGroup section */
		7B1593C116F7210400140560 /* distorm */ = {
			isa = PBXGroup;
			children = (
				7B1593DD16F7213200140560 /* distorm.h */,
				7B1593DE16F7213200140560 /* mnemonics.h */,
				7B1593C216F7212200140560 /* config.h */,
				7B1593C316F7212200140560 /* decoder.c */,
				7B1593C416F7212200140560 /* decoder.h */,
				7B1593C516F7212300140560 /* distorm.c */,
				7B1593C616F7212300140560 /* instructions.c */,
				7B1593C716F7212300140560 /* instructions.h */,
				7B1593C816F7212300140560 /* insts.c */,
				7B1593C916F7212300140560 /* insts.h */,
				7B1593CA16F7212300140560 /* mnemonics.c */,
				7B1593CB16F7212300140560 /* operands.c */,
				7B1593CC16F7212300140560 /* operands.h */,
				7B1593CD16F7212300140560 /* prefix.c */,
				7B1593CE16F7212300140560 /* prefix.h */,
				7B1593CF16F7212300140560 /* textdefs.c */,
				7B1593D016F7212300140560 /* textdefs.h */,
				7B1593D116F7212300140560 /* wstring.c */,
				7B1593D216F7212300140560 /* wstring.h */,
				7B1593D316F7212300140560 /* x86defs.h */,
			);
			name = distorm;
			path = ..;
			sourceTree = "<group>";
		};
		7B80CD84165880F100127A39 = {
			isa = PBXGroup;
			children = (
				7B6CDE691659CE3B00893578 /* System.framework */,
				7B80CD92165880F100127A39 /* kextstat_aslr */,
				7B80CD90165880F100127A39 /* Products */,
			);
			sourceTree = "<group>";
		};
		7B80CD90165880F100127A39 /* Products */ = {
			isa = PBXGroup;
			children = (
				7B80CD8F165880F100127A39 /* kextstat_aslr */,
			);
			name = Products;
			sourceTree = "<group>";
		};
		7B80CD92165880F100127A39 /* kextstat_aslr */ = {
			isa = PBXGroup;
			children = (
				7B80CD93165880F100127A39 /* main.c */,
				7B80CD95165880F100127A39 /* kextstat_aslr.1 */,
				7B1593C116F7210400140560 /* distorm */,
			);
			path = kextstat_aslr;
			sourceTree = "<group>";
		};
/* End PBXGroup section */

/* Begin PBXNativeTarget section */
		7B80CD8E165880F100127A39 /* kextstat_aslr */ = {
			isa = PBXNativeTarget;
			buildConfigurationList = 7B80CD99165880F100127A39 /* Build configuration list for PBXNativeTarget "kextstat_aslr" */;
			buildPhases = (
				7B80CD8B165880F100127A39 /* Sources */,
				7B80CD8C165880F100127A39 /* Frameworks */,
				7B80CD8D165880F100127A39 /* CopyFiles */,
			);
			buildRules = (
			);
			dependencies = (
			);
			name = kextstat_aslr;
			productName = kextstat_aslr;
			productReference = 7B80CD8F165880F100127A39 /* kextstat_aslr */;
			productType = "com.apple.product-type.tool";
		};
/* End PBXNativeTarget section */

/* Begin PBXProject section */
		7B80CD86165880F100127A39 /* Project object */ = {
			isa = PBXProject;
			attributes = {
				LastUpgradeCheck = 0450;
				ORGANIZATIONNAME = reverser;
			};
			buildConfigurationList = 7B80CD89165880F100127A39 /* Build configuration list for PBXProject "kextstat_aslr" */;
			compatibilityVersion = "Xcode 3.2";
			developmentRegion = English;
			hasScannedForEncodings = 0;
			knownRegions = (
				en,
			);
			mainGroup = 7B80CD84165880F100127A39;
			productRefGroup = 7B80CD90165880F100127A39 /* Products */;
			projectDirPath = "";
			projectRoot = "";
			targets = (
				7B80CD8E165880F100127A39 /* kextstat_aslr */,
			);
		};
/* End PBXProject section */

/* Begin PBXSourcesBuildPhase section */
		7B80CD8B165880F100127A39 /* Sources */ = {
			isa = PBXSourcesBuildPhase;
			buildActionMask = 2147483647;
			files = (
				7B80CD94165880F100127A39 /* main.c in Sources */,
				7B1593D416F7212300140560 /* decoder.c in Sources */,
				7B1593D516F7212300140560 /* distorm.c in Sources */,
				7B1593D616F7212300140560 /* instructions.c in Sources */,
				7B1593D716F7212300140560 /* insts.c in Sources */,
				7B1593D816F7212300140560 /* mnemonics.c in Sources */,
				7B1593D916F7212300140560 /* operands.c in Sources */,
				7B1593DA16F7212300140560 /* prefix.c in Sources */,
				7B1593DB16F7212300140560 /* textdefs.c in Sources */,
				7B1593DC16F7212300140560 /* wstring.c in Sources */,
			);
			runOnlyForDeploymentPostprocessing = 0;
		};
/* End PBXSourcesBuildPhase section */

/* Begin XCBuildConfiguration section */
		7B80CD97165880F100127A39 /* Debug */ = {
			isa = XCBuildConfiguration;
			buildSettings = {
				ALWAYS_SEARCH_USER_PATHS = NO;
				ARCHS = "$(ARCHS_STANDARD_64_BIT)";
				CLANG_CXX_LANGUAGE_STANDARD = "gnu++0x";
				CLANG_CXX_LIBRARY = "libc++";
				CLANG_WARN_EMPTY_BODY = YES;
				CLANG_WARN__DUPLICATE_METHOD_MATCH = YES;
				COPY_PHASE_STRIP = NO;
				GCC_C_LANGUAGE_STANDARD = gnu99;
				GCC_DYNAMIC_NO_PIC = NO;
				GCC_ENABLE_OBJC_EXCEPTIONS = YES;
				GCC_OPTIMIZATION_LEVEL = 0;
				GCC_PREPROCESSOR_DEFINITIONS = (
					"DEBUG=1",
					"$(inherited)",
				);
				GCC_SYMBOLS_PRIVATE_EXTERN = NO;
				GCC_WARN_64_TO_32_BIT_CONVERSION = YES;
				GCC_WARN_ABOUT_RETURN_TYPE = YES;
				GCC_WARN_UNINITIALIZED_AUTOS = YES;
				GCC_WARN_UNUSED_VARIABLE = YES;
				MACOSX_DEPLOYMENT_TARGET = 10.8;
				ONLY_ACTIVE_ARCH = YES;
				OTHER_CFLAGS = "";
				SDKROOT = macosx;
			};
			name = Debug;
		};
		7B80CD98165880F100127A39 /* Release */ = {
			isa = XCBuildConfiguration;
			buildSettings = {
				ALWAYS_SEARCH_USER_PATHS = NO;
				ARCHS = "$(ARCHS_STANDARD_64_BIT)";
				CLANG_CXX_LANGUAGE_STANDARD = "gnu++0x";
				CLANG_CXX_LIBRARY = "libc++";
				CLANG_WARN_EMPTY_BODY = YES;
				CLANG_WARN__DUPLICATE_METHOD_MATCH = YES;
				COPY_PHASE_STRIP = YES;
				DEBUG_INFORMATION_FORMAT = "dwarf-with-dsym";
				GCC_C_LANGUAGE_STANDARD = gnu99;
				GCC_ENABLE_OBJC_EXCEPTIONS = YES;
				GCC_WARN_64_TO_32_BIT_CONVERSION = YES;
				GCC_WARN_ABOUT_RETURN_TYPE = YES;
				GCC_WARN_UNINITIALIZED_AUTOS = YES;
				GCC_WARN_UNUSED_VARIABLE = YES;
				MACOSX_DEPLOYMENT_TARGET = 10.8;
				OTHER_CFLAGS = "";
				SDKROOT = macosx;
			};
			name = Release;
		};
		7B80CD9A165880F100127A39 /* Debug */ = {
			isa = XCBuildConfiguration;
			buildSettings = {
				LIBRARY_SEARCH_PATHS = (
					"$(inherited)",
					"\"$(SDKROOT)/usr/lib/system\"",
				);
				PRODUCT_NAME = "$(TARGET_NAME)";
				VALID_ARCHS = x86_64;
			};
			name = Debug;
		};
		7B80CD9B165880F100127A39 /* Release */ = {
			isa = XCBuildConfiguration;
			buildSettings = {
				LIBRARY_SEARCH_PATHS = (
					"$(inherited)",
					"\"$(SDKROOT)/usr/lib/system\"",
				);
				PRODUCT_NAME = "$(TARGET_NAME)";
				VALID_ARCHS = x86_64;
			};
			name = Release;
		};
/* End XCBuildConfiguration section */

/* Begin XCConfigurationList section */
		7B80CD89165880F100127A39 /* Build configuration list for PBXProject "kextstat_aslr" */ = {
			isa = XCConfigurationList;
			buildConfigurations = (
				7B80CD97165880F100127A39 /* Debug */,
				7B80CD98165880F100127A39 /* Release */,
			);
			defaultConfigurationIsVisible = 0;
			defaultConfigurationName = Release;
		};
		7B80CD99165880F100127A39 /* Build configuration list for PBXNativeTarget "kextstat_aslr" */ = {
			isa = XCConfigurationList;
			buildConfigurations = (
				7B80CD9A165880F100127A39 /* Debug */,
				7B80CD9B165880F100127A39 /* Release */,
			);
			defaultConfigurationIsVisible = 0;
			defaultConfigurationName = Release;
		};
/* End XCConfigurationList section */
	};
	rootObject = 7B80CD86165880F100127A39 /* Project object */;
}
