// !$*UTF8*$!
{
	archiveVersion = 1;
	classes = {
	};
	objectVersion = 46;
	objects = {

/* Begin PBXBuildFile section */
		7B6CDE6A1659CE3B00893578 /* System.framework in Frameworks */ = {isa = PBXBuildFile; fileRef = 7B6CDE691659CE3B00893578 /* System.framework */; };
		7B80CD94165880F100127A39 /* main.c in Sources */ = {isa = PBXBuildFile; fileRef = 7B80CD93165880F100127A39 /* main.c */; };
		7BDD3EF516FA20BA002ADD4A /* decoder.c in Sources */ = {isa = PBXBuildFile; fileRef = 7BDD3EE216FA20BA002ADD4A /* decoder.c */; };
		7BDD3EF616FA20BA002ADD4A /* distorm.c in Sources */ = {isa = PBXBuildFile; fileRef = 7BDD3EE416FA20BA002ADD4A /* distorm.c */; };
		7BDD3EF716FA20BA002ADD4A /* instructions.c in Sources */ = {isa = PBXBuildFile; fileRef = 7BDD3EE616FA20BA002ADD4A /* instructions.c */; };
		7BDD3EF816FA20BA002ADD4A /* insts.c in Sources */ = {isa = PBXBuildFile; fileRef = 7BDD3EE816FA20BA002ADD4A /* insts.c */; };
		7BDD3EF916FA20BA002ADD4A /* mnemonics.c in Sources */ = {isa = PBXBuildFile; fileRef = 7BDD3EEA16FA20BA002ADD4A /* mnemonics.c */; };
		7BDD3EFA16FA20BA002ADD4A /* operands.c in Sources */ = {isa = PBXBuildFile; fileRef = 7BDD3EEC16FA20BA002ADD4A /* operands.c */; };
		7BDD3EFB16FA20BA002ADD4A /* prefix.c in Sources */ = {isa = PBXBuildFile; fileRef = 7BDD3EEE16FA20BA002ADD4A /* prefix.c */; };
		7BDD3EFC16FA20BA002ADD4A /* textdefs.c in Sources */ = {isa = PBXBuildFile; fileRef = 7BDD3EF016FA20BA002ADD4A /* textdefs.c */; };
		7BDD3EFD16FA20BA002ADD4A /* wstring.c in Sources */ = {isa = PBXBuildFile; fileRef = 7BDD3EF216FA20BA002ADD4A /* wstring.c */; };
/* End PBXBuildFile section */

/* Begin PBXCopyFilesBuildPhase section */
		7B80CD8D165880F100127A39 /* CopyFiles */ = {
			isa = PBXCopyFilesBuildPhase;
			buildActionMask = 2147483647;
			dstPath = /usr/share/man/man1/;
			dstSubfolderSpec = 0;
			files = (
			);
			runOnlyForDeploymentPostprocessing = 1;
		};
/* End PBXCopyFilesBuildPhase section */

/* Begin PBXFileReference section */
		7B6CDE691659CE3B00893578 /* System.framework */ = {isa = PBXFileReference; lastKnownFileType = wrapper.framework; name = System.framework; path = ../../../../System/Library/Frameworks/System.framework; sourceTree = "<group>"; };
		7B80CD8F165880F100127A39 /* kextstat_aslr */ = {isa = PBXFileReference; explicitFileType = "compiled.mach-o.executable"; includeInIndex = 0; path = kextstat_aslr; sourceTree = BUILT_PRODUCTS_DIR; };
		7B80CD93165880F100127A39 /* main.c */ = {isa = PBXFileReference; lastKnownFileType = sourcecode.c.c; path = main.c; sourceTree = "<group>"; };
		7BDD3EE116FA20BA002ADD4A /* config.h */ = {isa = PBXFileReference; fileEncoding = 4; lastKnownFileType = sourcecode.c.h; name = config.h; path = kextstat_aslr/config.h; sourceTree = "<group>"; };
		7BDD3EE216FA20BA002ADD4A /* decoder.c */ = {isa = PBXFileReference; fileEncoding = 4; lastKnownFileType = sourcecode.c.c; name = decoder.c; path = kextstat_aslr/decoder.c; sourceTree = "<group>"; };
		7BDD3EE316FA20BA002ADD4A /* decoder.h */ = {isa = PBXFileReference; fileEncoding = 4; lastKnownFileType = sourcecode.c.h; name = decoder.h; path = kextstat_aslr/decoder.h; sourceTree = "<group>"; };
		7BDD3EE416FA20BA002ADD4A /* distorm.c */ = {isa = PBXFileReference; fileEncoding = 4; lastKnownFileType = sourcecode.c.c; name = distorm.c; path = kextstat_aslr/distorm.c; sourceTree = "<group>"; };
		7BDD3EE516FA20BA002ADD4A /* distorm.h */ = {isa = PBXFileReference; fileEncoding = 4; lastKnownFileType = sourcecode.c.h; name = distorm.h; path = kextstat_aslr/distorm.h; sourceTree = "<group>"; };
		7BDD3EE616FA20BA002ADD4A /* instructions.c */ = {isa = PBXFileReference; fileEncoding = 4; lastKnownFileType = sourcecode.c.c; name = instructions.c; path = kextstat_aslr/instructions.c; sourceTree = "<group>"; };
		7BDD3EE716FA20BA002ADD4A /* instructions.h */ = {isa = PBXFileReference; fileEncoding = 4; lastKnownFileType = sourcecode.c.h; name = instructions.h; path = kextstat_aslr/instructions.h; sourceTree = "<group>"; };
		7BDD3EE816FA20BA002ADD4A /* insts.c */ = {isa = PBXFileReference; fileEncoding = 4; lastKnownFileType = sourcecode.c.c; name = insts.c; path = kextstat_aslr/insts.c; sourceTree = "<group>"; };
		7BDD3EE916FA20BA002ADD4A /* insts.h */ = {isa = PBXFileReference; fileEncoding = 4; lastKnownFileType = sourcecode.c.h; name = insts.h; path = kextstat_aslr/insts.h; sourceTree = "<group>"; };
		7BDD3EEA16FA20BA002ADD4A /* mnemonics.c */ = {isa = PBXFileReference; fileEncoding = 4; lastKnownFileType = sourcecode.c.c; name = mnemonics.c; path = kextstat_aslr/mnemonics.c; sourceTree = "<group>"; };
		7BDD3EEB16FA20BA002ADD4A /* mnemonics.h */ = {isa = PBXFileReference; fileEncoding = 4; lastKnownFileType = sourcecode.c.h; name = mnemonics.h; path = kextstat_aslr/mnemonics.h; sourceTree = "<group>"; };
		7BDD3EEC16FA20BA002ADD4A /* operands.c */ = {isa = PBXFileReference; fileEncoding = 4; lastKnownFileType = sourcecode.c.c; name = operands.c; path = kextstat_aslr/operands.c; sourceTree = "<group>"; };
		7BDD3EED16FA20BA002ADD4A /* operands.h */ = {isa = PBXFileReference; fileEncoding = 4; lastKnownFileType = sourcecode.c.h; name = operands.h; path = kextstat_aslr/operands.h; sourceTree = "<group>"; };
		7BDD3EEE16FA20BA002ADD4A /* prefix.c */ = {isa = PBXFileReference; fileEncoding = 4; lastKnownFileType = sourcecode.c.c; name = prefix.c; path = kextstat_aslr/prefix.c; sourceTree = "<group>"; };
		7BDD3EEF16FA20BA002ADD4A /* prefix.h */ = {isa = PBXFileReference; fileEncoding = 4; lastKnownFileType = sourcecode.c.h; name = prefix.h; path = kextstat_aslr/prefix.h; sourceTree = "<group>"; };
		7BDD3EF016FA20BA002ADD4A /* textdefs.c */ = {isa = PBXFileReference; fileEncoding = 4; lastKnownFileType = sourcecode.c.c; name = textdefs.c; path = kextstat_aslr/textdefs.c; sourceTree = "<group>"; };
		7BDD3EF116FA20BA002ADD4A /* textdefs.h */ = {isa = PBXFileReference; fileEncoding = 4; lastKnownFileType = sourcecode.c.h; name = textdefs.h; path = kextstat_aslr/textdefs.h; sourceTree = "<group>"; };
		7BDD3EF216FA20BA002ADD4A /* wstring.c */ = {isa = PBXFileReference; fileEncoding = 4; lastKnownFileType = sourcecode.c.c; name = wstring.c; path = kextstat_aslr/wstring.c; sourceTree = "<group>"; };
		7BDD3EF316FA20BA002ADD4A /* wstring.h */ = {isa = PBXFileReference; fileEncoding = 4; lastKnownFileType = sourcecode.c.h; name = wstring.h; path = kextstat_aslr/wstring.h; sourceTree = "<group>"; };
		7BDD3EF416FA20BA002ADD4A /* x86defs.h */ = {isa = PBXFileReference; fileEncoding = 4; lastKnownFileType = sourcecode.c.h; name = x86defs.h; path = kextstat_aslr/x86defs.h; sourceTree = "<group>"; };
/* End PBXFileReference section */

/* Begin PBXFrameworksBuildPhase section */
		7B80CD8C165880F100127A39 /* Frameworks */ = {
			isa = PBXFrameworksBuildPhase;
			buildActionMask = 2147483647;
			files = (
				7B6CDE6A1659CE3B00893578 /* System.framework in Frameworks */,
			);
			runOnlyForDeploymentPostprocessing = 0;
		};
/* End PBXFrameworksBuildPhase section */

/* Begin PBXGroup section */
		7B1593C116F7210400140560 /* distorm */ = {
			isa = PBXGroup;
			children = (
				7BDD3EE116FA20BA002ADD4A /* config.h */,
				7BDD3EE216FA20BA002ADD4A /* decoder.c */,
				7BDD3EE316FA20BA002ADD4A /* decoder.h */,
				7BDD3EE416FA20BA002ADD4A /* distorm.c */,
				7BDD3EE516FA20BA002ADD4A /* distorm.h */,
				7BDD3EE616FA20BA002ADD4A /* instructions.c */,
				7BDD3EE716FA20BA002ADD4A /* instructions.h */,
				7BDD3EE816FA20BA002ADD4A /* insts.c */,
				7BDD3EE916FA20BA002ADD4A /* insts.h */,
				7BDD3EEA16FA20BA002ADD4A /* mnemonics.c */,
				7BDD3EEB16FA20BA002ADD4A /* mnemonics.h */,
				7BDD3EEC16FA20BA002ADD4A /* operands.c */,
				7BDD3EED16FA20BA002ADD4A /* operands.h */,
				7BDD3EEE16FA20BA002ADD4A /* prefix.c */,
				7BDD3EEF16FA20BA002ADD4A /* prefix.h */,
				7BDD3EF016FA20BA002ADD4A /* textdefs.c */,
				7BDD3EF116FA20BA002ADD4A /* textdefs.h */,
				7BDD3EF216FA20BA002ADD4A /* wstring.c */,
				7BDD3EF316FA20BA002ADD4A /* wstring.h */,
				7BDD3EF416FA20BA002ADD4A /* x86defs.h */,
			);
			name = distorm;
			path = ..;
			sourceTree = "<group>";
		};
		7B80CD84165880F100127A39 = {
			isa = PBXGroup;
			children = (
				7B6CDE691659CE3B00893578 /* System.framework */,
				7B80CD92165880F100127A39 /* kextstat_aslr */,
				7B80CD90165880F100127A39 /* Products */,
			);
			sourceTree = "<group>";
		};
		7B80CD90165880F100127A39 /* Products */ = {
			isa = PBXGroup;
			children = (
				7B80CD8F165880F100127A39 /* kextstat_aslr */,
			);
			name = Products;
			sourceTree = "<group>";
		};
		7B80CD92165880F100127A39 /* kextstat_aslr */ = {
			isa = PBXGroup;
			children = (
				7B80CD93165880F100127A39 /* main.c */,
				7B1593C116F7210400140560 /* distorm */,
			);
			path = kextstat_aslr;
			sourceTree = "<group>";
		};
/* End PBXGroup section */

/* Begin PBXNativeTarget section */
		7B80CD8E165880F100127A39 /* kextstat_aslr */ = {
			isa = PBXNativeTarget;
			buildConfigurationList = 7B80CD99165880F100127A39 /* Build configuration list for PBXNativeTarget "kextstat_aslr" */;
			buildPhases = (
				7B80CD8B165880F100127A39 /* Sources */,
				7B80CD8C165880F100127A39 /* Frameworks */,
				7B80CD8D165880F100127A39 /* CopyFiles */,
			);
			buildRules = (
			);
			dependencies = (
			);
			name = kextstat_aslr;
			productName = kextstat_aslr;
			productReference = 7B80CD8F165880F100127A39 /* kextstat_aslr */;
			productType = "com.apple.product-type.tool";
		};
/* End PBXNativeTarget section */

/* Begin PBXProject section */
		7B80CD86165880F100127A39 /* Project object */ = {
			isa = PBXProject;
			attributes = {
				LastUpgradeCheck = 0720;
				ORGANIZATIONNAME = reverser;
			};
			buildConfigurationList = 7B80CD89165880F100127A39 /* Build configuration list for PBXProject "kextstat_aslr" */;
			compatibilityVersion = "Xcode 3.2";
			developmentRegion = English;
			hasScannedForEncodings = 0;
			knownRegions = (
				en,
			);
			mainGroup = 7B80CD84165880F100127A39;
			productRefGroup = 7B80CD90165880F100127A39 /* Products */;
			projectDirPath = "";
			projectRoot = "";
			targets = (
				7B80CD8E165880F100127A39 /* kextstat_aslr */,
			);
		};
/* End PBXProject section */

/* Begin PBXSourcesBuildPhase section */
		7B80CD8B165880F100127A39 /* Sources */ = {
			isa = PBXSourcesBuildPhase;
			buildActionMask = 2147483647;
			files = (
				7B80CD94165880F100127A39 /* main.c in Sources */,
				7BDD3EF516FA20BA002ADD4A /* decoder.c in Sources */,
				7BDD3EF616FA20BA002ADD4A /* distorm.c in Sources */,
				7BDD3EF716FA20BA002ADD4A /* instructions.c in Sources */,
				7BDD3EF816FA20BA002ADD4A /* insts.c in Sources */,
				7BDD3EF916FA20BA002ADD4A /* mnemonics.c in Sources */,
				7BDD3EFA16FA20BA002ADD4A /* operands.c in Sources */,
				7BDD3EFB16FA20BA002ADD4A /* prefix.c in Sources */,
				7BDD3EFC16FA20BA002ADD4A /* textdefs.c in Sources */,
				7BDD3EFD16FA20BA002ADD4A /* wstring.c in Sources */,
			);
			runOnlyForDeploymentPostprocessing = 0;
		};
/* End PBXSourcesBuildPhase section */

/* Begin XCBuildConfiguration section */
		7B80CD97165880F100127A39 /* Debug */ = {
			isa = XCBuildConfiguration;
			buildSettings = {
				ALWAYS_SEARCH_USER_PATHS = NO;
				CLANG_CXX_LANGUAGE_STANDARD = "gnu++0x";
				CLANG_CXX_LIBRARY = "libc++";
				CLANG_WARN_EMPTY_BODY = YES;
				CLANG_WARN__DUPLICATE_METHOD_MATCH = YES;
				COPY_PHASE_STRIP = NO;
				ENABLE_TESTABILITY = YES;
				GCC_C_LANGUAGE_STANDARD = gnu99;
				GCC_DYNAMIC_NO_PIC = NO;
				GCC_ENABLE_OBJC_EXCEPTIONS = YES;
				GCC_OPTIMIZATION_LEVEL = 0;
				GCC_PREPROCESSOR_DEFINITIONS = (
					"DEBUG=1",
					"$(inherited)",
				);
				GCC_SYMBOLS_PRIVATE_EXTERN = NO;
				GCC_WARN_64_TO_32_BIT_CONVERSION = YES;
				GCC_WARN_ABOUT_RETURN_TYPE = YES;
				GCC_WARN_UNINITIALIZED_AUTOS = YES;
				GCC_WARN_UNUSED_VARIABLE = YES;
				MACOSX_DEPLOYMENT_TARGET = 10.8;
				ONLY_ACTIVE_ARCH = YES;
				OTHER_CFLAGS = "";
				SDKROOT = macosx;
			};
			name = Debug;
		};
		7B80CD98165880F100127A39 /* Release */ = {
			isa = XCBuildConfiguration;
			buildSettings = {
				ALWAYS_SEARCH_USER_PATHS = NO;
				CLANG_CXX_LANGUAGE_STANDARD = "gnu++0x";
				CLANG_CXX_LIBRARY = "libc++";
				CLANG_WARN_EMPTY_BODY = YES;
				CLANG_WARN__DUPLICATE_METHOD_MATCH = YES;
				COPY_PHASE_STRIP = YES;
				DEBUG_INFORMATION_FORMAT = "dwarf-with-dsym";
				GCC_C_LANGUAGE_STANDARD = gnu99;
				GCC_ENABLE_OBJC_EXCEPTIONS = YES;
				GCC_WARN_64_TO_32_BIT_CONVERSION = YES;
				GCC_WARN_ABOUT_RETURN_TYPE = YES;
				GCC_WARN_UNINITIALIZED_AUTOS = YES;
				GCC_WARN_UNUSED_VARIABLE = YES;
				MACOSX_DEPLOYMENT_TARGET = 10.8;
				OTHER_CFLAGS = "";
				SDKROOT = macosx;
			};
			name = Release;
		};
		7B80CD9A165880F100127A39 /* Debug */ = {
			isa = XCBuildConfiguration;
			buildSettings = {
				LIBRARY_SEARCH_PATHS = (
					"$(inherited)",
					"\"$(SDKROOT)/usr/lib/system\"",
				);
				PRODUCT_NAME = "$(TARGET_NAME)";
				VALID_ARCHS = x86_64;
			};
			name = Debug;
		};
		7B80CD9B165880F100127A39 /* Release */ = {
			isa = XCBuildConfiguration;
			buildSettings = {
				LIBRARY_SEARCH_PATHS = (
					"$(inherited)",
					"\"$(SDKROOT)/usr/lib/system\"",
				);
				PRODUCT_NAME = "$(TARGET_NAME)";
				VALID_ARCHS = x86_64;
			};
			name = Release;
		};
/* End XCBuildConfiguration section */

/* Begin XCConfigurationList section */
		7B80CD89165880F100127A39 /* Build configuration list for PBXProject "kextstat_aslr" */ = {
			isa = XCConfigurationList;
			buildConfigurations = (
				7B80CD97165880F100127A39 /* Debug */,
				7B80CD98165880F100127A39 /* Release */,
			);
			defaultConfigurationIsVisible = 0;
			defaultConfigurationName = Release;
		};
		7B80CD99165880F100127A39 /* Build configuration list for PBXNativeTarget "kextstat_aslr" */ = {
			isa = XCConfigurationList;
			buildConfigurations = (
				7B80CD9A165880F100127A39 /* Debug */,
				7B80CD9B165880F100127A39 /* Release */,
			);
			defaultConfigurationIsVisible = 0;
			defaultConfigurationName = Release;
		};
/* End XCConfigurationList section */
	};
	rootObject = 7B80CD86165880F100127A39 /* Project object */;
}
