// !$*UTF8*$!
{
	archiveVersion = 1;
	classes = {
	};
	objectVersion = 46;
	objects = {

/* Begin PBXBuildFile section */
		7B80CD94165880F100127A39 /* main.c in Sources */ = {isa = PBXBuildFile; fileRef = 7B80CD93165880F100127A39 /* main.c */; };
		7B80CD96165880F100127A39 /* kextstat_aslr.1 in CopyFiles */ = {isa = PBXBuildFile; fileRef = 7B80CD95165880F100127A39 /* kextstat_aslr.1 */; };
/* End PBXBuildFile section */

/* Begin PBXCopyFilesBuildPhase section */
		7B80CD8D165880F100127A39 /* CopyFiles */ = {
			isa = PBXCopyFilesBuildPhase;
			buildActionMask = 2147483647;
			dstPath = /usr/share/man/man1/;
			dstSubfolderSpec = 0;
			files = (
				7B80CD96165880F100127A39 /* kextstat_aslr.1 in CopyFiles */,
			);
			runOnlyForDeploymentPostprocessing = 1;
		};
/* End PBXCopyFilesBuildPhase section */

/* Begin PBXFileReference section */
		7B80CD8F165880F100127A39 /* kextstat_aslr */ = {isa = PBXFileReference; explicitFileType = "compiled.mach-o.executable"; includeInIndex = 0; path = kextstat_aslr; sourceTree = BUILT_PRODUCTS_DIR; };
		7B80CD93165880F100127A39 /* main.c */ = {isa = PBXFileReference; lastKnownFileType = sourcecode.c.c; path = main.c; sourceTree = "<group>"; };
		7B80CD95165880F100127A39 /* kextstat_aslr.1 */ = {isa = PBXFileReference; lastKnownFileType = text.man; path = kextstat_aslr.1; sourceTree = "<group>"; };
/* End PBXFileReference section */

/* Begin PBXFrameworksBuildPhase section */
		7B80CD8C165880F100127A39 /* Frameworks */ = {
			isa = PBXFrameworksBuildPhase;
			buildActionMask = 2147483647;
			files = (
			);
			runOnlyForDeploymentPostprocessing = 0;
		};
/* End PBXFrameworksBuildPhase section */

/* Begin PBXGroup section */
		7B80CD84165880F100127A39 = {
			isa = PBXGroup;
			children = (
				7B80CD92165880F100127A39 /* kextstat_aslr */,
				7B80CD90165880F100127A39 /* Products */,
			);
			sourceTree = "<group>";
		};
		7B80CD90165880F100127A39 /* Products */ = {
			isa = PBXGroup;
			children = (
				7B80CD8F165880F100127A39 /* kextstat_aslr */,
			);
			name = Products;
			sourceTree = "<group>";
		};
		7B80CD92165880F100127A39 /* kextstat_aslr */ = {
			isa = PBXGroup;
			children = (
				7B80CD93165880F100127A39 /* main.c */,
				7B80CD95165880F100127A39 /* kextstat_aslr.1 */,
			);
			path = kextstat_aslr;
			sourceTree = "<group>";
		};
/* End PBXGroup section */

/* Begin PBXNativeTarget section */
		7B80CD8E165880F100127A39 /* kextstat_aslr */ = {
			isa = PBXNativeTarget;
			buildConfigurationList = 7B80CD99165880F100127A39 /* Build configuration list for PBXNativeTarget "kextstat_aslr" */;
			buildPhases = (
				7B80CD8B165880F100127A39 /* Sources */,
				7B80CD8C165880F100127A39 /* Frameworks */,
				7B80CD8D165880F100127A39 /* CopyFiles */,
			);
			buildRules = (
			);
			dependencies = (
			);
			name = kextstat_aslr;
			productName = kextstat_aslr;
			productReference = 7B80CD8F165880F100127A39 /* kextstat_aslr */;
			productType = "com.apple.product-type.tool";
		};
/* End PBXNativeTarget section */

/* Begin PBXProject section */
		7B80CD86165880F100127A39 /* Project object */ = {
			isa = PBXProject;
			attributes = {
				LastUpgradeCheck = 0450;
				ORGANIZATIONNAME = reverser;
			};
			buildConfigurationList = 7B80CD89165880F100127A39 /* Build configuration list for PBXProject "kextstat_aslr" */;
			compatibilityVersion = "Xcode 3.2";
			developmentRegion = English;
			hasScannedForEncodings = 0;
			knownRegions = (
				en,
			);
			mainGroup = 7B80CD84165880F100127A39;
			productRefGroup = 7B80CD90165880F100127A39 /* Products */;
			projectDirPath = "";
			projectRoot = "";
			targets = (
				7B80CD8E165880F100127A39 /* kextstat_aslr */,
			);
		};
/* End PBXProject section */

/* Begin PBXSourcesBuildPhase section */
		7B80CD8B165880F100127A39 /* Sources */ = {
			isa = PBXSourcesBuildPhase;
			buildActionMask = 2147483647;
			files = (
				7B80CD94165880F100127A39 /* main.c in Sources */,
			);
			runOnlyForDeploymentPostprocessing = 0;
		};
/* End PBXSourcesBuildPhase section */

/* Begin XCBuildConfiguration section */
		7B80CD97165880F100127A39 /* Debug */ = {
			isa = XCBuildConfiguration;
			buildSettings = {
				ALWAYS_SEARCH_USER_PATHS = NO;
				ARCHS = "$(ARCHS_STANDARD_64_BIT)";
				CLANG_CXX_LANGUAGE_STANDARD = "gnu++0x";
				CLANG_CXX_LIBRARY = "libc++";
				CLANG_WARN_EMPTY_BODY = YES;
				CLANG_WARN__DUPLICATE_METHOD_MATCH = YES;
				COPY_PHASE_STRIP = NO;
				GCC_C_LANGUAGE_STANDARD = gnu99;
				GCC_DYNAMIC_NO_PIC = NO;
				GCC_ENABLE_OBJC_EXCEPTIONS = YES;
				GCC_OPTIMIZATION_LEVEL = 0;
				GCC_PREPROCESSOR_DEFINITIONS = (
					"DEBUG=1",
					"$(inherited)",
				);
				GCC_SYMBOLS_PRIVATE_EXTERN = NO;
				GCC_WARN_64_TO_32_BIT_CONVERSION = YES;
				GCC_WARN_ABOUT_RETURN_TYPE = YES;
				GCC_WARN_UNINITIALIZED_AUTOS = YES;
				GCC_WARN_UNUSED_VARIABLE = YES;
				MACOSX_DEPLOYMENT_TARGET = 10.8;
				ONLY_ACTIVE_ARCH = YES;
				SDKROOT = macosx;
			};
			name = Debug;
		};
		7B80CD98165880F100127A39 /* Release */ = {
			isa = XCBuildConfiguration;
			buildSettings = {
				ALWAYS_SEARCH_USER_PATHS = NO;
				ARCHS = "$(ARCHS_STANDARD_64_BIT)";
				CLANG_CXX_LANGUAGE_STANDARD = "gnu++0x";
				CLANG_CXX_LIBRARY = "libc++";
				CLANG_WARN_EMPTY_BODY = YES;
				CLANG_WARN__DUPLICATE_METHOD_MATCH = YES;
				COPY_PHASE_STRIP = YES;
				DEBUG_INFORMATION_FORMAT = "dwarf-with-dsym";
				GCC_C_LANGUAGE_STANDARD = gnu99;
				GCC_ENABLE_OBJC_EXCEPTIONS = YES;
				GCC_WARN_64_TO_32_BIT_CONVERSION = YES;
				GCC_WARN_ABOUT_RETURN_TYPE = YES;
				GCC_WARN_UNINITIALIZED_AUTOS = YES;
				GCC_WARN_UNUSED_VARIABLE = YES;
				MACOSX_DEPLOYMENT_TARGET = 10.8;
				SDKROOT = macosx;
			};
			name = Release;
		};
		7B80CD9A165880F100127A39 /* Debug */ = {
			isa = XCBuildConfiguration;
			buildSettings = {
				PRODUCT_NAME = "$(TARGET_NAME)";
				VALID_ARCHS = x86_64;
			};
			name = Debug;
		};
		7B80CD9B165880F100127A39 /* Release */ = {
			isa = XCBuildConfiguration;
			buildSettings = {
				PRODUCT_NAME = "$(TARGET_NAME)";
				VALID_ARCHS = x86_64;
			};
			name = Release;
		};
/* End XCBuildConfiguration section */

/* Begin XCConfigurationList section */
		7B80CD89165880F100127A39 /* Build configuration list for PBXProject "kextstat_aslr" */ = {
			isa = XCConfigurationList;
			buildConfigurations = (
				7B80CD97165880F100127A39 /* Debug */,
				7B80CD98165880F100127A39 /* Release */,
			);
			defaultConfigurationIsVisible = 0;
			defaultConfigurationName = Release;
		};
		7B80CD99165880F100127A39 /* Build configuration list for PBXNativeTarget "kextstat_aslr" */ = {
			isa = XCConfigurationList;
			buildConfigurations = (
				7B80CD9A165880F100127A39 /* Debug */,
				7B80CD9B165880F100127A39 /* Release */,
			);
			defaultConfigurationIsVisible = 0;
		};
/* End XCConfigurationList section */
	};
	rootObject = 7B80CD86165880F100127A39 /* Project object */;
}
